PODS:
  - PagingMenuController (2.2.2)

DEPENDENCIES:
  - PagingMenuController (from `../`)

EXTERNAL SOURCES:
  PagingMenuController:
    :path: "../"

SPEC CHECKSUMS:
  PagingMenuController: 753cc2934bb80ec1d4e0434694e8da62e478def3

PODFILE CHECKSUM: 8556f9ef5d5866c9ededcea85b9770f3d2317131

COCOAPODS: 1.7.4
